// !$*UTF8*$!
{
	archiveVersion = 1;
	classes = {
	};
	objectVersion = 56;
	objects = {

/* Begin PBXBuildFile section */
		56E7EA7F29854088008BD29A /* makeAWordsApp.swift in Sources */ = {isa = PBXBuildFile; fileRef = 56E7EA7E29854088008BD29A /* makeAWordsApp.swift */; };
		56E7EA8129854088008BD29A /* StartView.swift in Sources */ = {isa = PBXBuildFile; fileRef = 56E7EA8029854088008BD29A /* StartView.swift */; };
		56E7EA8329854089008BD29A /* Assets.xcassets in Resources */ = {isa = PBXBuildFile; fileRef = 56E7EA8229854089008BD29A /* Assets.xcassets */; };
		56E7EA8629854089008BD29A /* Preview Assets.xcassets in Resources */ = {isa = PBXBuildFile; fileRef = 56E7EA8529854089008BD29A /* Preview Assets.xcassets */; };
		56E7EA8E2985A438008BD29A /* TitleText.swift in Sources */ = {isa = PBXBuildFile; fileRef = 56E7EA8D2985A438008BD29A /* TitleText.swift */; };
		56E7EA922985A6D8008BD29A /* BigWordTextField.swift in Sources */ = {isa = PBXBuildFile; fileRef = 56E7EA912985A6D8008BD29A /* BigWordTextField.swift */; };
		56E7EA962985A8FA008BD29A /* GameView.swift in Sources */ = {isa = PBXBuildFile; fileRef = 56E7EA952985A8FA008BD29A /* GameView.swift */; };
/* End PBXBuildFile section */

/* Begin PBXFileReference section */
		56E7EA7B29854088008BD29A /* makeAWords.app */ = {isa = PBXFileReference; explicitFileType = wrapper.application; includeInIndex = 0; path = makeAWords.app; sourceTree = BUILT_PRODUCTS_DIR; };
		56E7EA7E29854088008BD29A /* makeAWordsApp.swift */ = {isa = PBXFileReference; lastKnownFileType = sourcecode.swift; path = makeAWordsApp.swift; sourceTree = "<group>"; };
		56E7EA8029854088008BD29A /* StartView.swift */ = {isa = PBXFileReference; lastKnownFileType = sourcecode.swift; path = StartView.swift; sourceTree = "<group>"; };
		56E7EA8229854089008BD29A /* Assets.xcassets */ = {isa = PBXFileReference; lastKnownFileType = folder.assetcatalog; path = Assets.xcassets; sourceTree = "<group>"; };
		56E7EA8529854089008BD29A /* Preview Assets.xcassets */ = {isa = PBXFileReference; lastKnownFileType = folder.assetcatalog; path = "Preview Assets.xcassets"; sourceTree = "<group>"; };
		56E7EA8D2985A438008BD29A /* TitleText.swift */ = {isa = PBXFileReference; lastKnownFileType = sourcecode.swift; path = TitleText.swift; sourceTree = "<group>"; };
		56E7EA912985A6D8008BD29A /* BigWordTextField.swift */ = {isa = PBXFileReference; lastKnownFileType = sourcecode.swift; path = BigWordTextField.swift; sourceTree = "<group>"; };
		56E7EA952985A8FA008BD29A /* GameView.swift */ = {isa = PBXFileReference; lastKnownFileType = sourcecode.swift; path = GameView.swift; sourceTree = "<group>"; };
/* End PBXFileReference section */

/* Begin PBXFrameworksBuildPhase section */
		56E7EA7829854088008BD29A /* Frameworks */ = {
			isa = PBXFrameworksBuildPhase;
			buildActionMask = 2147483647;
			files = (
			);
			runOnlyForDeploymentPostprocessing = 0;
		};
/* End PBXFrameworksBuildPhase section */

/* Begin PBXGroup section */
		56E7EA7229854088008BD29A = {
			isa = PBXGroup;
			children = (
				56E7EA8C2985A41F008BD29A /* Components */,
				56E7EA7D29854088008BD29A /* makeAWords */,
				56E7EA7C29854088008BD29A /* Products */,
			);
			sourceTree = "<group>";
		};
		56E7EA7C29854088008BD29A /* Products */ = {
			isa = PBXGroup;
			children = (
				56E7EA7B29854088008BD29A /* makeAWords.app */,
			);
			name = Products;
			sourceTree = "<group>";
		};
		56E7EA7D29854088008BD29A /* makeAWords */ = {
			isa = PBXGroup;
			children = (
				56E7EA7E29854088008BD29A /* makeAWordsApp.swift */,
				56E7EA972985A910008BD29A /* Views */,
				56E7EA8229854089008BD29A /* Assets.xcassets */,
				56E7EA8429854089008BD29A /* Preview Content */,
			);
			path = makeAWords;
			sourceTree = "<group>";
		};
		56E7EA8429854089008BD29A /* Preview Content */ = {
			isa = PBXGroup;
			children = (
				56E7EA8529854089008BD29A /* Preview Assets.xcassets */,
			);
			path = "Preview Content";
			sourceTree = "<group>";
		};
		56E7EA8C2985A41F008BD29A /* Components */ = {
			isa = PBXGroup;
			children = (
				56E7EA8D2985A438008BD29A /* TitleText.swift */,
				56E7EA912985A6D8008BD29A /* BigWordTextField.swift */,
			);
			path = Components;
			sourceTree = "<group>";
		};
		56E7EA972985A910008BD29A /* Views */ = {
			isa = PBXGroup;
			children = (
				56E7EA8029854088008BD29A /* StartView.swift */,
				56E7EA952985A8FA008BD29A /* GameView.swift */,
			);
			path = Views;
			sourceTree = "<group>";
		};
/* End PBXGroup section */

/* Begin PBXNativeTarget section */
		56E7EA7A29854088008BD29A /* makeAWords */ = {
			isa = PBXNativeTarget;
			buildConfigurationList = 56E7EA8929854089008BD29A /* Build configuration list for PBXNativeTarget "makeAWords" */;
			buildPhases = (
				56E7EA7729854088008BD29A /* Sources */,
				56E7EA7829854088008BD29A /* Frameworks */,
				56E7EA7929854088008BD29A /* Resources */,
			);
			buildRules = (
			);
			dependencies = (
			);
			name = makeAWords;
			productName = makeAWords;
			productReference = 56E7EA7B29854088008BD29A /* makeAWords.app */;
			productType = "com.apple.product-type.application";
		};
/* End PBXNativeTarget section */

/* Begin PBXProject section */
		56E7EA7329854088008BD29A /* Project object */ = {
			isa = PBXProject;
			attributes = {
				BuildIndependentTargetsInParallel = 1;
				LastSwiftUpdateCheck = 1420;
				LastUpgradeCheck = 1420;
				TargetAttributes = {
					56E7EA7A29854088008BD29A = {
						CreatedOnToolsVersion = 14.2;
					};
				};
			};
			buildConfigurationList = 56E7EA7629854088008BD29A /* Build configuration list for PBXProject "makeAWords" */;
			compatibilityVersion = "Xcode 14.0";
			developmentRegion = en;
			hasScannedForEncodings = 0;
			knownRegions = (
				en,
				Base,
			);
			mainGroup = 56E7EA7229854088008BD29A;
			productRefGroup = 56E7EA7C29854088008BD29A /* Products */;
			projectDirPath = "";
			projectRoot = "";
			targets = (
				56E7EA7A29854088008BD29A /* makeAWords */,
			);
		};
/* End PBXProject section */

/* Begin PBXResourcesBuildPhase section */
		56E7EA7929854088008BD29A /* Resources */ = {
			isa = PBXResourcesBuildPhase;
			buildActionMask = 2147483647;
			files = (
				56E7EA8629854089008BD29A /* Preview Assets.xcassets in Resources */,
				56E7EA8329854089008BD29A /* Assets.xcassets in Resources */,
			);
			runOnlyForDeploymentPostprocessing = 0;
		};
/* End PBXResourcesBuildPhase section */

/* Begin PBXSourcesBuildPhase section */
		56E7EA7729854088008BD29A /* Sources */ = {
			isa = PBXSourcesBuildPhase;
			buildActionMask = 2147483647;
			files = (
				56E7EA922985A6D8008BD29A /* BigWordTextField.swift in Sources */,
				56E7EA8129854088008BD29A /* StartView.swift in Sources */,
				56E7EA8E2985A438008BD29A /* TitleText.swift in Sources */,
				56E7EA7F29854088008BD29A /* makeAWordsApp.swift in Sources */,
				56E7EA962985A8FA008BD29A /* GameView.swift in Sources */,
			);
			runOnlyForDeploymentPostprocessing = 0;
		};
/* End PBXSourcesBuildPhase section */

/* Begin XCBuildConfiguration section */
		56E7EA8729854089008BD29A /* Debug */ = {
			isa = XCBuildConfiguration;
			buildSettings = {
				ALWAYS_SEARCH_USER_PATHS = NO;
				CLANG_ANALYZER_NONNULL = YES;
				CLANG_ANALYZER_NUMBER_OBJECT_CONVERSION = YES_AGGRESSIVE;
				CLANG_CXX_LANGUAGE_STANDARD = "gnu++20";
				CLANG_ENABLE_MODULES = YES;
				CLANG_ENABLE_OBJC_ARC = YES;
				CLANG_ENABLE_OBJC_WEAK = YES;
				CLANG_WARN_BLOCK_CAPTURE_AUTORELEASING = YES;
				CLANG_WARN_BOOL_CONVERSION = YES;
				CLANG_WARN_COMMA = YES;
				CLANG_WARN_CONSTANT_CONVERSION = YES;
				CLANG_WARN_DEPRECATED_OBJC_IMPLEMENTATIONS = YES;
				CLANG_WARN_DIRECT_OBJC_ISA_USAGE = YES_ERROR;
				CLANG_WARN_DOCUMENTATION_COMMENTS = YES;
				CLANG_WARN_EMPTY_BODY = YES;
				CLANG_WARN_ENUM_CONVERSION = YES;
				CLANG_WARN_INFINITE_RECURSION = YES;
				CLANG_WARN_INT_CONVERSION = YES;
				CLANG_WARN_NON_LITERAL_NULL_CONVERSION = YES;
				CLANG_WARN_OBJC_IMPLICIT_RETAIN_SELF = YES;
				CLANG_WARN_OBJC_LITERAL_CONVERSION = YES;
				CLANG_WARN_OBJC_ROOT_CLASS = YES_ERROR;
				CLANG_WARN_QUOTED_INCLUDE_IN_FRAMEWORK_HEADER = YES;
				CLANG_WARN_RANGE_LOOP_ANALYSIS = YES;
				CLANG_WARN_STRICT_PROTOTYPES = YES;
				CLANG_WARN_SUSPICIOUS_MOVE = YES;
				CLANG_WARN_UNGUARDED_AVAILABILITY = YES_AGGRESSIVE;
				CLANG_WARN_UNREACHABLE_CODE = YES;
				CLANG_WARN__DUPLICATE_METHOD_MATCH = YES;
				COPY_PHASE_STRIP = NO;
				DEBUG_INFORMATION_FORMAT = dwarf;
				ENABLE_STRICT_OBJC_MSGSEND = YES;
				ENABLE_TESTABILITY = YES;
				GCC_C_LANGUAGE_STANDARD = gnu11;
				GCC_DYNAMIC_NO_PIC = NO;
				GCC_NO_COMMON_BLOCKS = YES;
				GCC_OPTIMIZATION_LEVEL = 0;
				GCC_PREPROCESSOR_DEFINITIONS = (
					"DEBUG=1",
					"$(inherited)",
				);
				GCC_WARN_64_TO_32_BIT_CONVERSION = YES;
				GCC_WARN_ABOUT_RETURN_TYPE = YES_ERROR;
				GCC_WARN_UNDECLARED_SELECTOR = YES;
				GCC_WARN_UNINITIALIZED_AUTOS = YES_AGGRESSIVE;
				GCC_WARN_UNUSED_FUNCTION = YES;
				GCC_WARN_UNUSED_VARIABLE = YES;
				IPHONEOS_DEPLOYMENT_TARGET = 16.2;
				MTL_ENABLE_DEBUG_INFO = INCLUDE_SOURCE;
				MTL_FAST_MATH = YES;
				ONLY_ACTIVE_ARCH = YES;
				SDKROOT = iphoneos;
				SWIFT_ACTIVE_COMPILATION_CONDITIONS = DEBUG;
				SWIFT_OPTIMIZATION_LEVEL = "-Onone";
			};
			name = Debug;
		};
		56E7EA8829854089008BD29A /* Release */ = {
			isa = XCBuildConfiguration;
			buildSettings = {
				ALWAYS_SEARCH_USER_PATHS = NO;
				CLANG_ANALYZER_NONNULL = YES;
				CLANG_ANALYZER_NUMBER_OBJECT_CONVERSION = YES_AGGRESSIVE;
				CLANG_CXX_LANGUAGE_STANDARD = "gnu++20";
				CLANG_ENABLE_MODULES = YES;
				CLANG_ENABLE_OBJC_ARC = YES;
				CLANG_ENABLE_OBJC_WEAK = YES;
				CLANG_WARN_BLOCK_CAPTURE_AUTORELEASING = YES;
				CLANG_WARN_BOOL_CONVERSION = YES;
				CLANG_WARN_COMMA = YES;
				CLANG_WARN_CONSTANT_CONVERSION = YES;
				CLANG_WARN_DEPRECATED_OBJC_IMPLEMENTATIONS = YES;
				CLANG_WARN_DIRECT_OBJC_ISA_USAGE = YES_ERROR;
				CLANG_WARN_DOCUMENTATION_COMMENTS = YES;
				CLANG_WARN_EMPTY_BODY = YES;
				CLANG_WARN_ENUM_CONVERSION = YES;
				CLANG_WARN_INFINITE_RECURSION = YES;
				CLANG_WARN_INT_CONVERSION = YES;
				CLANG_WARN_NON_LITERAL_NULL_CONVERSION = YES;
				CLANG_WARN_OBJC_IMPLICIT_RETAIN_SELF = YES;
				CLANG_WARN_OBJC_LITERAL_CONVERSION = YES;
				CLANG_WARN_OBJC_ROOT_CLASS = YES_ERROR;
				CLANG_WARN_QUOTED_INCLUDE_IN_FRAMEWORK_HEADER = YES;
				CLANG_WARN_RANGE_LOOP_ANALYSIS = YES;
				CLANG_WARN_STRICT_PROTOTYPES = YES;
				CLANG_WARN_SUSPICIOUS_MOVE = YES;
				CLANG_WARN_UNGUARDED_AVAILABILITY = YES_AGGRESSIVE;
				CLANG_WARN_UNREACHABLE_CODE = YES;
				CLANG_WARN__DUPLICATE_METHOD_MATCH = YES;
				COPY_PHASE_STRIP = NO;
				DEBUG_INFORMATION_FORMAT = "dwarf-with-dsym";
				ENABLE_NS_ASSERTIONS = NO;
				ENABLE_STRICT_OBJC_MSGSEND = YES;
				GCC_C_LANGUAGE_STANDARD = gnu11;
				GCC_NO_COMMON_BLOCKS = YES;
				GCC_WARN_64_TO_32_BIT_CONVERSION = YES;
				GCC_WARN_ABOUT_RETURN_TYPE = YES_ERROR;
				GCC_WARN_UNDECLARED_SELECTOR = YES;
				GCC_WARN_UNINITIALIZED_AUTOS = YES_AGGRESSIVE;
				GCC_WARN_UNUSED_FUNCTION = YES;
				GCC_WARN_UNUSED_VARIABLE = YES;
				IPHONEOS_DEPLOYMENT_TARGET = 16.2;
				MTL_ENABLE_DEBUG_INFO = NO;
				MTL_FAST_MATH = YES;
				SDKROOT = iphoneos;
				SWIFT_COMPILATION_MODE = wholemodule;
				SWIFT_OPTIMIZATION_LEVEL = "-O";
				VALIDATE_PRODUCT = YES;
			};
			name = Release;
		};
		56E7EA8A29854089008BD29A /* Debug */ = {
			isa = XCBuildConfiguration;
			buildSettings = {
				ASSETCATALOG_COMPILER_APPICON_NAME = AppIcon;
				ASSETCATALOG_COMPILER_GLOBAL_ACCENT_COLOR_NAME = AccentColor;
				CODE_SIGN_STYLE = Automatic;
				CURRENT_PROJECT_VERSION = 1;
				DEVELOPMENT_ASSET_PATHS = "\"makeAWords/Preview Content\"";
				DEVELOPMENT_TEAM = VV9Y63H9BY;
				ENABLE_PREVIEWS = YES;
				GENERATE_INFOPLIST_FILE = YES;
				INFOPLIST_KEY_UIApplicationSceneManifest_Generation = YES;
				INFOPLIST_KEY_UIApplicationSupportsIndirectInputEvents = YES;
				INFOPLIST_KEY_UILaunchScreen_Generation = YES;
				INFOPLIST_KEY_UISupportedInterfaceOrientations_iPad = "UIInterfaceOrientationPortrait UIInterfaceOrientationPortraitUpsideDown UIInterfaceOrientationLandscapeLeft UIInterfaceOrientationLandscapeRight";
				INFOPLIST_KEY_UISupportedInterfaceOrientations_iPhone = "UIInterfaceOrientationPortrait UIInterfaceOrientationLandscapeLeft UIInterfaceOrientationLandscapeRight";
				LD_RUNPATH_SEARCH_PATHS = (
					"$(inherited)",
					"@executable_path/Frameworks",
				);
				MARKETING_VERSION = 1.0;
				PRODUCT_BUNDLE_IDENTIFIER = t.makeAWords;
				PRODUCT_NAME = "$(TARGET_NAME)";
				SWIFT_EMIT_LOC_STRINGS = YES;
				SWIFT_VERSION = 5.0;
				TARGETED_DEVICE_FAMILY = "1,2";
			};
			name = Debug;
		};
		56E7EA8B29854089008BD29A /* Release */ = {
			isa = XCBuildConfiguration;
			buildSettings = {
				ASSETCATALOG_COMPILER_APPICON_NAME = AppIcon;
				ASSETCATALOG_COMPILER_GLOBAL_ACCENT_COLOR_NAME = AccentColor;
				CODE_SIGN_STYLE = Automatic;
				CURRENT_PROJECT_VERSION = 1;
				DEVELOPMENT_ASSET_PATHS = "\"makeAWords/Preview Content\"";
				DEVELOPMENT_TEAM = VV9Y63H9BY;
				ENABLE_PREVIEWS = YES;
				GENERATE_INFOPLIST_FILE = YES;
				INFOPLIST_KEY_UIApplicationSceneManifest_Generation = YES;
				INFOPLIST_KEY_UIApplicationSupportsIndirectInputEvents = YES;
				INFOPLIST_KEY_UILaunchScreen_Generation = YES;
				INFOPLIST_KEY_UISupportedInterfaceOrientations_iPad = "UIInterfaceOrientationPortrait UIInterfaceOrientationPortraitUpsideDown UIInterfaceOrientationLandscapeLeft UIInterfaceOrientationLandscapeRight";
				INFOPLIST_KEY_UISupportedInterfaceOrientations_iPhone = "UIInterfaceOrientationPortrait UIInterfaceOrientationLandscapeLeft UIInterfaceOrientationLandscapeRight";
				LD_RUNPATH_SEARCH_PATHS = (
					"$(inherited)",
					"@executable_path/Frameworks",
				);
				MARKETING_VERSION = 1.0;
				PRODUCT_BUNDLE_IDENTIFIER = t.makeAWords;
				PRODUCT_NAME = "$(TARGET_NAME)";
				SWIFT_EMIT_LOC_STRINGS = YES;
				SWIFT_VERSION = 5.0;
				TARGETED_DEVICE_FAMILY = "1,2";
			};
			name = Release;
		};
/* End XCBuildConfiguration section */

/* Begin XCConfigurationList section */
		56E7EA7629854088008BD29A /* Build configuration list for PBXProject "makeAWords" */ = {
			isa = XCConfigurationList;
			buildConfigurations = (
				56E7EA8729854089008BD29A /* Debug */,
				56E7EA8829854089008BD29A /* Release */,
			);
			defaultConfigurationIsVisible = 0;
			defaultConfigurationName = Release;
		};
		56E7EA8929854089008BD29A /* Build configuration list for PBXNativeTarget "makeAWords" */ = {
			isa = XCConfigurationList;
			buildConfigurations = (
				56E7EA8A29854089008BD29A /* Debug */,
				56E7EA8B29854089008BD29A /* Release */,
			);
			defaultConfigurationIsVisible = 0;
			defaultConfigurationName = Release;
		};
/* End XCConfigurationList section */
	};
	rootObject = 56E7EA7329854088008BD29A /* Project object */;
}
